PODS:
  - HTMLKit (0.9.2)
  - SDWebImage (3.8.1):
    - SDWebImage/Core (= 3.8.1)
  - SDWebImage/Core (3.8.1)

DEPENDENCIES:
  - HTMLKit
  - SDWebImage (~> 3.8)

SPEC CHECKSUMS:
  HTMLKit: f977f12d414b8a433a45b98c9795e337ddcf003f
  SDWebImage: 35f9627a3e44b4f292a8a8ce6a531fa488239b91

PODFILE CHECKSUM: 9a96d157fc1dad3493d04c8a6d670b8c8b5ee896

COCOAPODS: 1.0.1
