// !$*UTF8*$!
{
	archiveVersion = 1;
	classes = {
	};
	objectVersion = 46;
	objects = {

/* Begin PBXBuildFile section */
		36EBC501800B025E1E311F26 /* SmallAfficheParser.m in Sources */ = {isa = PBXBuildFile; fileRef = 36EBC6349703370454E22872 /* SmallAfficheParser.m */; };
		36EBC8F95FEECC3087B08D11 /* SmallAfficheElement.m in Sources */ = {isa = PBXBuildFile; fileRef = 36EBC395A62F3434C60C99D0 /* SmallAfficheElement.m */; };
		36EBCDFD94A0DB2D1A7A33A5 /* SmallAfficheCell.m in Sources */ = {isa = PBXBuildFile; fileRef = 36EBCF06365FE982056CF6A3 /* SmallAfficheCell.m */; };
		91406474B5FE564AFE27F5CF /* libPods-Kachalov.a in Frameworks */ = {isa = PBXBuildFile; fileRef = 093DBC56B29E40657E6C6A76 /* libPods-Kachalov.a */; };
		CE0DE2E11D8029F100FA100D /* NewsDetailViewController.m in Sources */ = {isa = PBXBuildFile; fileRef = CE0DE2E01D8029F100FA100D /* NewsDetailViewController.m */; };
		CE0DE2E41D802C5800FA100D /* NewsDetailElement.m in Sources */ = {isa = PBXBuildFile; fileRef = CE0DE2E31D802C5800FA100D /* NewsDetailElement.m */; };
		CE0DE2E71D8037F600FA100D /* NewsDetailParser.m in Sources */ = {isa = PBXBuildFile; fileRef = CE0DE2E61D8037F600FA100D /* NewsDetailParser.m */; };
		CE5ED1171D6774E900E645ED /* AppearanceInstaller.m in Sources */ = {isa = PBXBuildFile; fileRef = CE5ED1161D6774E900E645ED /* AppearanceInstaller.m */; };
		CE753A3A1D69D3B900F2D4C5 /* SegmentViewBackgroundImageStateSelected.png in Resources */ = {isa = PBXBuildFile; fileRef = CE753A391D69D3B900F2D4C5 /* SegmentViewBackgroundImageStateSelected.png */; };
		CE753A3C1D69D9E000F2D4C5 /* SegmentViewDeviderLNRS.png in Resources */ = {isa = PBXBuildFile; fileRef = CE753A3B1D69D9E000F2D4C5 /* SegmentViewDeviderLNRS.png */; };
		CE753A3E1D69D9E800F2D4C5 /* SegmentViewDeviderLSRN.png in Resources */ = {isa = PBXBuildFile; fileRef = CE753A3D1D69D9E800F2D4C5 /* SegmentViewDeviderLSRN.png */; };
		CE7BEECE1D67905F0049E487 /* SegmentViewBackgroundImageStateNormal.png in Resources */ = {isa = PBXBuildFile; fileRef = CE7BEECC1D67905F0049E487 /* SegmentViewBackgroundImageStateNormal.png */; };
		CE7BEED31D67AA1C0049E487 /* FullAfficheTableViewController.m in Sources */ = {isa = PBXBuildFile; fileRef = CE7BEED21D67AA1C0049E487 /* FullAfficheTableViewController.m */; };
		CE7BEED61D67B0340049E487 /* FullAfficheParser.m in Sources */ = {isa = PBXBuildFile; fileRef = CE7BEED51D67B0340049E487 /* FullAfficheParser.m */; };
		CE7FF0FC1D401E2A00A1C1A3 /* egr65-webfont.ttf in Resources */ = {isa = PBXBuildFile; fileRef = CE7FF0FB1D401E2A00A1C1A3 /* egr65-webfont.ttf */; };
		CE7FF10F1D5D367C00A1C1A3 /* SegmentViewDividerLNRN.png in Resources */ = {isa = PBXBuildFile; fileRef = CE7FF10E1D5D367C00A1C1A3 /* SegmentViewDividerLNRN.png */; };
		CE92B30E1D722EFE0090A239 /* TroupeListViewController.m in Sources */ = {isa = PBXBuildFile; fileRef = CE92B30D1D722EFE0090A239 /* TroupeListViewController.m */; };
		CE92B3121D7344250090A239 /* ActorListCell.m in Sources */ = {isa = PBXBuildFile; fileRef = CE92B3111D7344250090A239 /* ActorListCell.m */; };
		CE92B3151D73455D0090A239 /* ActorListElement.m in Sources */ = {isa = PBXBuildFile; fileRef = CE92B3141D73455D0090A239 /* ActorListElement.m */; };
		CE92B3181D734A620090A239 /* TroupeListParser.m in Sources */ = {isa = PBXBuildFile; fileRef = CE92B3171D734A620090A239 /* TroupeListParser.m */; };
		CE92B31C1D7784FB0090A239 /* AboutTheaterViewController.m in Sources */ = {isa = PBXBuildFile; fileRef = CE92B31B1D7784FB0090A239 /* AboutTheaterViewController.m */; };
		CE99F1671D70DFF000A29CB6 /* LoadingCell.m in Sources */ = {isa = PBXBuildFile; fileRef = CE99F1661D70DFF000A29CB6 /* LoadingCell.m */; };
		CED1C2A71D635A5A0025BC9A /* ArrowButton.m in Sources */ = {isa = PBXBuildFile; fileRef = CED1C2A61D635A5A0025BC9A /* ArrowButton.m */; };
		CEDC6F641D6E27CD005A0D41 /* NewsListTableViewController.m in Sources */ = {isa = PBXBuildFile; fileRef = CEDC6F631D6E27CD005A0D41 /* NewsListTableViewController.m */; };
		CEDC6F671D6E4211005A0D41 /* NewsShortCell.m in Sources */ = {isa = PBXBuildFile; fileRef = CEDC6F661D6E4211005A0D41 /* NewsShortCell.m */; };
		CEDC6F6A1D6F38CF005A0D41 /* NewsListElement.m in Sources */ = {isa = PBXBuildFile; fileRef = CEDC6F691D6F38CF005A0D41 /* NewsListElement.m */; };
		CEDC6F6D1D6F39AE005A0D41 /* NewsListParser.m in Sources */ = {isa = PBXBuildFile; fileRef = CEDC6F6C1D6F39AE005A0D41 /* NewsListParser.m */; };
		CEE936BD1D797C3900919923 /* ActorDetailViewController.m in Sources */ = {isa = PBXBuildFile; fileRef = CEE936BC1D797C3900919923 /* ActorDetailViewController.m */; };
		CEE936C01D798A0100919923 /* ActorDetailElement.m in Sources */ = {isa = PBXBuildFile; fileRef = CEE936BF1D798A0100919923 /* ActorDetailElement.m */; };
		CEE936C31D798DB400919923 /* ActorDetailParser.m in Sources */ = {isa = PBXBuildFile; fileRef = CEE936C21D798DB400919923 /* ActorDetailParser.m */; };
		CEED5DAF1D14761000C94890 /* main.m in Sources */ = {isa = PBXBuildFile; fileRef = CEED5DAE1D14761000C94890 /* main.m */; };
		CEED5DB21D14761000C94890 /* AppDelegate.m in Sources */ = {isa = PBXBuildFile; fileRef = CEED5DB11D14761000C94890 /* AppDelegate.m */; };
		CEED5DB81D14761000C94890 /* Main.storyboard in Resources */ = {isa = PBXBuildFile; fileRef = CEED5DB61D14761000C94890 /* Main.storyboard */; };
		CEED5DBB1D14761000C94890 /* Kachalov.xcdatamodeld in Sources */ = {isa = PBXBuildFile; fileRef = CEED5DB91D14761000C94890 /* Kachalov.xcdatamodeld */; };
		CEED5DBD1D14761000C94890 /* Assets.xcassets in Resources */ = {isa = PBXBuildFile; fileRef = CEED5DBC1D14761000C94890 /* Assets.xcassets */; };
		CEED5DC01D14761000C94890 /* LaunchScreen.storyboard in Resources */ = {isa = PBXBuildFile; fileRef = CEED5DBE1D14761000C94890 /* LaunchScreen.storyboard */; };
		CEED5DCD1D242BEB00C94890 /* SmallAfficheTablewViewController.m in Sources */ = {isa = PBXBuildFile; fileRef = CEED5DCC1D242BEB00C94890 /* SmallAfficheTablewViewController.m */; };
/* End PBXBuildFile section */

/* Begin PBXFileReference section */
		093DBC56B29E40657E6C6A76 /* libPods-Kachalov.a */ = {isa = PBXFileReference; explicitFileType = archive.ar; includeInIndex = 0; path = "libPods-Kachalov.a"; sourceTree = BUILT_PRODUCTS_DIR; };
		18D68A140D4CF985C34FE84B /* Pods-Kachalov.debug.xcconfig */ = {isa = PBXFileReference; includeInIndex = 1; lastKnownFileType = text.xcconfig; name = "Pods-Kachalov.debug.xcconfig"; path = "Pods/Target Support Files/Pods-Kachalov/Pods-Kachalov.debug.xcconfig"; sourceTree = "<group>"; };
		36EBC395A62F3434C60C99D0 /* SmallAfficheElement.m */ = {isa = PBXFileReference; fileEncoding = 4; lastKnownFileType = sourcecode.c.objc; name = SmallAfficheElement.m; path = Model/SmallAfficheElement.m; sourceTree = "<group>"; };
		36EBC6349703370454E22872 /* SmallAfficheParser.m */ = {isa = PBXFileReference; fileEncoding = 4; lastKnownFileType = sourcecode.c.objc; path = SmallAfficheParser.m; sourceTree = "<group>"; };
		36EBC9B11C628CDBE95DD21F /* SmallAfficheCell.h */ = {isa = PBXFileReference; fileEncoding = 4; lastKnownFileType = sourcecode.c.h; path = SmallAfficheCell.h; sourceTree = "<group>"; };
		36EBCD6D481A08A52CD3156E /* SmallAfficheParser.h */ = {isa = PBXFileReference; fileEncoding = 4; lastKnownFileType = sourcecode.c.h; path = SmallAfficheParser.h; sourceTree = "<group>"; };
		36EBCED7674A36FEBBC80B6F /* SmallAfficheElement.h */ = {isa = PBXFileReference; fileEncoding = 4; lastKnownFileType = sourcecode.c.h; name = SmallAfficheElement.h; path = Model/SmallAfficheElement.h; sourceTree = "<group>"; };
		36EBCF06365FE982056CF6A3 /* SmallAfficheCell.m */ = {isa = PBXFileReference; fileEncoding = 4; lastKnownFileType = sourcecode.c.objc; path = SmallAfficheCell.m; sourceTree = "<group>"; };
		45A7D839C51761F5FB4E1828 /* Pods-Kachalov.release.xcconfig */ = {isa = PBXFileReference; includeInIndex = 1; lastKnownFileType = text.xcconfig; name = "Pods-Kachalov.release.xcconfig"; path = "Pods/Target Support Files/Pods-Kachalov/Pods-Kachalov.release.xcconfig"; sourceTree = "<group>"; };
		CE0DE2DF1D8029F100FA100D /* NewsDetailViewController.h */ = {isa = PBXFileReference; fileEncoding = 4; lastKnownFileType = sourcecode.c.h; name = NewsDetailViewController.h; path = NewsDetailVC/NewsDetailViewController.h; sourceTree = "<group>"; };
		CE0DE2E01D8029F100FA100D /* NewsDetailViewController.m */ = {isa = PBXFileReference; fileEncoding = 4; lastKnownFileType = sourcecode.c.objc; name = NewsDetailViewController.m; path = NewsDetailVC/NewsDetailViewController.m; sourceTree = "<group>"; };
		CE0DE2E21D802C5800FA100D /* NewsDetailElement.h */ = {isa = PBXFileReference; fileEncoding = 4; lastKnownFileType = sourcecode.c.h; name = NewsDetailElement.h; path = Model/NewsDetailElement.h; sourceTree = "<group>"; };
		CE0DE2E31D802C5800FA100D /* NewsDetailElement.m */ = {isa = PBXFileReference; fileEncoding = 4; lastKnownFileType = sourcecode.c.objc; name = NewsDetailElement.m; path = Model/NewsDetailElement.m; sourceTree = "<group>"; };
		CE0DE2E51D8037F600FA100D /* NewsDetailParser.h */ = {isa = PBXFileReference; fileEncoding = 4; lastKnownFileType = sourcecode.c.h; name = NewsDetailParser.h; path = Model/NewsDetailParser.h; sourceTree = "<group>"; };
		CE0DE2E61D8037F600FA100D /* NewsDetailParser.m */ = {isa = PBXFileReference; fileEncoding = 4; lastKnownFileType = sourcecode.c.objc; name = NewsDetailParser.m; path = Model/NewsDetailParser.m; sourceTree = "<group>"; };
		CE5ED1151D6774E900E645ED /* AppearanceInstaller.h */ = {isa = PBXFileReference; fileEncoding = 4; lastKnownFileType = sourcecode.c.h; path = AppearanceInstaller.h; sourceTree = "<group>"; };
		CE5ED1161D6774E900E645ED /* AppearanceInstaller.m */ = {isa = PBXFileReference; fileEncoding = 4; lastKnownFileType = sourcecode.c.objc; path = AppearanceInstaller.m; sourceTree = "<group>"; };
		CE753A391D69D3B900F2D4C5 /* SegmentViewBackgroundImageStateSelected.png */ = {isa = PBXFileReference; lastKnownFileType = image.png; path = SegmentViewBackgroundImageStateSelected.png; sourceTree = "<group>"; };
		CE753A3B1D69D9E000F2D4C5 /* SegmentViewDeviderLNRS.png */ = {isa = PBXFileReference; lastKnownFileType = image.png; path = SegmentViewDeviderLNRS.png; sourceTree = "<group>"; };
		CE753A3D1D69D9E800F2D4C5 /* SegmentViewDeviderLSRN.png */ = {isa = PBXFileReference; lastKnownFileType = image.png; path = SegmentViewDeviderLSRN.png; sourceTree = "<group>"; };
		CE7BEECC1D67905F0049E487 /* SegmentViewBackgroundImageStateNormal.png */ = {isa = PBXFileReference; lastKnownFileType = image.png; path = SegmentViewBackgroundImageStateNormal.png; sourceTree = "<group>"; };
		CE7BEED11D67AA1C0049E487 /* FullAfficheTableViewController.h */ = {isa = PBXFileReference; fileEncoding = 4; lastKnownFileType = sourcecode.c.h; name = FullAfficheTableViewController.h; path = FullAfficheVC/FullAfficheTableViewController.h; sourceTree = "<group>"; };
		CE7BEED21D67AA1C0049E487 /* FullAfficheTableViewController.m */ = {isa = PBXFileReference; fileEncoding = 4; lastKnownFileType = sourcecode.c.objc; name = FullAfficheTableViewController.m; path = FullAfficheVC/FullAfficheTableViewController.m; sourceTree = "<group>"; };
		CE7BEED41D67B0340049E487 /* FullAfficheParser.h */ = {isa = PBXFileReference; fileEncoding = 4; lastKnownFileType = sourcecode.c.h; name = FullAfficheParser.h; path = Model/FullAfficheParser.h; sourceTree = "<group>"; };
		CE7BEED51D67B0340049E487 /* FullAfficheParser.m */ = {isa = PBXFileReference; fileEncoding = 4; lastKnownFileType = sourcecode.c.objc; name = FullAfficheParser.m; path = Model/FullAfficheParser.m; sourceTree = "<group>"; };
		CE7FF0FB1D401E2A00A1C1A3 /* egr65-webfont.ttf */ = {isa = PBXFileReference; lastKnownFileType = file; name = "egr65-webfont.ttf"; path = "Resources/egr65-webfont.ttf"; sourceTree = "<group>"; };
		CE7FF10E1D5D367C00A1C1A3 /* SegmentViewDividerLNRN.png */ = {isa = PBXFileReference; lastKnownFileType = image.png; path = SegmentViewDividerLNRN.png; sourceTree = "<group>"; };
		CE92B30C1D722EFE0090A239 /* TroupeListViewController.h */ = {isa = PBXFileReference; fileEncoding = 4; lastKnownFileType = sourcecode.c.h; name = TroupeListViewController.h; path = TroupeListVC/TroupeListViewController.h; sourceTree = "<group>"; };
		CE92B30D1D722EFE0090A239 /* TroupeListViewController.m */ = {isa = PBXFileReference; fileEncoding = 4; lastKnownFileType = sourcecode.c.objc; name = TroupeListViewController.m; path = TroupeListVC/TroupeListViewController.m; sourceTree = "<group>"; };
		CE92B3101D7344250090A239 /* ActorListCell.h */ = {isa = PBXFileReference; fileEncoding = 4; lastKnownFileType = sourcecode.c.h; path = ActorListCell.h; sourceTree = "<group>"; };
		CE92B3111D7344250090A239 /* ActorListCell.m */ = {isa = PBXFileReference; fileEncoding = 4; lastKnownFileType = sourcecode.c.objc; path = ActorListCell.m; sourceTree = "<group>"; };
		CE92B3131D73455D0090A239 /* ActorListElement.h */ = {isa = PBXFileReference; fileEncoding = 4; lastKnownFileType = sourcecode.c.h; name = ActorListElement.h; path = Model/ActorListElement.h; sourceTree = "<group>"; };
		CE92B3141D73455D0090A239 /* ActorListElement.m */ = {isa = PBXFileReference; fileEncoding = 4; lastKnownFileType = sourcecode.c.objc; name = ActorListElement.m; path = Model/ActorListElement.m; sourceTree = "<group>"; };
		CE92B3161D734A620090A239 /* TroupeListParser.h */ = {isa = PBXFileReference; fileEncoding = 4; lastKnownFileType = sourcecode.c.h; name = TroupeListParser.h; path = Model/TroupeListParser.h; sourceTree = "<group>"; };
		CE92B3171D734A620090A239 /* TroupeListParser.m */ = {isa = PBXFileReference; fileEncoding = 4; lastKnownFileType = sourcecode.c.objc; name = TroupeListParser.m; path = Model/TroupeListParser.m; sourceTree = "<group>"; };
		CE92B31A1D7784FB0090A239 /* AboutTheaterViewController.h */ = {isa = PBXFileReference; fileEncoding = 4; lastKnownFileType = sourcecode.c.h; name = AboutTheaterViewController.h; path = AboutTheaterVC/AboutTheaterViewController.h; sourceTree = "<group>"; };
		CE92B31B1D7784FB0090A239 /* AboutTheaterViewController.m */ = {isa = PBXFileReference; fileEncoding = 4; lastKnownFileType = sourcecode.c.objc; name = AboutTheaterViewController.m; path = AboutTheaterVC/AboutTheaterViewController.m; sourceTree = "<group>"; };
		CE99F1651D70DFF000A29CB6 /* LoadingCell.h */ = {isa = PBXFileReference; fileEncoding = 4; lastKnownFileType = sourcecode.c.h; path = LoadingCell.h; sourceTree = "<group>"; };
		CE99F1661D70DFF000A29CB6 /* LoadingCell.m */ = {isa = PBXFileReference; fileEncoding = 4; lastKnownFileType = sourcecode.c.objc; path = LoadingCell.m; sourceTree = "<group>"; };
		CED1C2A51D635A5A0025BC9A /* ArrowButton.h */ = {isa = PBXFileReference; fileEncoding = 4; lastKnownFileType = sourcecode.c.h; path = ArrowButton.h; sourceTree = "<group>"; };
		CED1C2A61D635A5A0025BC9A /* ArrowButton.m */ = {isa = PBXFileReference; fileEncoding = 4; lastKnownFileType = sourcecode.c.objc; path = ArrowButton.m; sourceTree = "<group>"; };
		CEDC6F621D6E27CD005A0D41 /* NewsListTableViewController.h */ = {isa = PBXFileReference; fileEncoding = 4; lastKnownFileType = sourcecode.c.h; name = NewsListTableViewController.h; path = NewsListVC/NewsListTableViewController.h; sourceTree = "<group>"; };
		CEDC6F631D6E27CD005A0D41 /* NewsListTableViewController.m */ = {isa = PBXFileReference; fileEncoding = 4; lastKnownFileType = sourcecode.c.objc; name = NewsListTableViewController.m; path = NewsListVC/NewsListTableViewController.m; sourceTree = "<group>"; };
		CEDC6F651D6E4211005A0D41 /* NewsShortCell.h */ = {isa = PBXFileReference; fileEncoding = 4; lastKnownFileType = sourcecode.c.h; path = NewsShortCell.h; sourceTree = "<group>"; };
		CEDC6F661D6E4211005A0D41 /* NewsShortCell.m */ = {isa = PBXFileReference; fileEncoding = 4; lastKnownFileType = sourcecode.c.objc; path = NewsShortCell.m; sourceTree = "<group>"; };
		CEDC6F681D6F38CF005A0D41 /* NewsListElement.h */ = {isa = PBXFileReference; fileEncoding = 4; lastKnownFileType = sourcecode.c.h; name = NewsListElement.h; path = Model/NewsListElement.h; sourceTree = "<group>"; };
		CEDC6F691D6F38CF005A0D41 /* NewsListElement.m */ = {isa = PBXFileReference; fileEncoding = 4; lastKnownFileType = sourcecode.c.objc; name = NewsListElement.m; path = Model/NewsListElement.m; sourceTree = "<group>"; };
		CEDC6F6B1D6F39AE005A0D41 /* NewsListParser.h */ = {isa = PBXFileReference; fileEncoding = 4; lastKnownFileType = sourcecode.c.h; name = NewsListParser.h; path = Model/NewsListParser.h; sourceTree = "<group>"; };
		CEDC6F6C1D6F39AE005A0D41 /* NewsListParser.m */ = {isa = PBXFileReference; fileEncoding = 4; lastKnownFileType = sourcecode.c.objc; name = NewsListParser.m; path = Model/NewsListParser.m; sourceTree = "<group>"; };
		CEE936BB1D797C3900919923 /* ActorDetailViewController.h */ = {isa = PBXFileReference; fileEncoding = 4; lastKnownFileType = sourcecode.c.h; name = ActorDetailViewController.h; path = ActorDetailVC/ActorDetailViewController.h; sourceTree = "<group>"; };
		CEE936BC1D797C3900919923 /* ActorDetailViewController.m */ = {isa = PBXFileReference; fileEncoding = 4; lastKnownFileType = sourcecode.c.objc; name = ActorDetailViewController.m; path = ActorDetailVC/ActorDetailViewController.m; sourceTree = "<group>"; };
		CEE936BE1D798A0100919923 /* ActorDetailElement.h */ = {isa = PBXFileReference; fileEncoding = 4; lastKnownFileType = sourcecode.c.h; name = ActorDetailElement.h; path = Model/ActorDetailElement.h; sourceTree = "<group>"; };
		CEE936BF1D798A0100919923 /* ActorDetailElement.m */ = {isa = PBXFileReference; fileEncoding = 4; lastKnownFileType = sourcecode.c.objc; name = ActorDetailElement.m; path = Model/ActorDetailElement.m; sourceTree = "<group>"; };
		CEE936C11D798DB400919923 /* ActorDetailParser.h */ = {isa = PBXFileReference; fileEncoding = 4; lastKnownFileType = sourcecode.c.h; name = ActorDetailParser.h; path = Model/ActorDetailParser.h; sourceTree = "<group>"; };
		CEE936C21D798DB400919923 /* ActorDetailParser.m */ = {isa = PBXFileReference; fileEncoding = 4; lastKnownFileType = sourcecode.c.objc; name = ActorDetailParser.m; path = Model/ActorDetailParser.m; sourceTree = "<group>"; };
		CEED5DAA1D14761000C94890 /* Kachalov.app */ = {isa = PBXFileReference; explicitFileType = wrapper.application; includeInIndex = 0; path = Kachalov.app; sourceTree = BUILT_PRODUCTS_DIR; };
		CEED5DAE1D14761000C94890 /* main.m */ = {isa = PBXFileReference; lastKnownFileType = sourcecode.c.objc; path = main.m; sourceTree = "<group>"; };
		CEED5DB01D14761000C94890 /* AppDelegate.h */ = {isa = PBXFileReference; lastKnownFileType = sourcecode.c.h; path = AppDelegate.h; sourceTree = "<group>"; };
		CEED5DB11D14761000C94890 /* AppDelegate.m */ = {isa = PBXFileReference; lastKnownFileType = sourcecode.c.objc; path = AppDelegate.m; sourceTree = "<group>"; };
		CEED5DB71D14761000C94890 /* Base */ = {isa = PBXFileReference; lastKnownFileType = file.storyboard; name = Base; path = Base.lproj/Main.storyboard; sourceTree = "<group>"; };
		CEED5DBA1D14761000C94890 /* Kachalov.xcdatamodel */ = {isa = PBXFileReference; lastKnownFileType = wrapper.xcdatamodel; path = Kachalov.xcdatamodel; sourceTree = "<group>"; };
		CEED5DBC1D14761000C94890 /* Assets.xcassets */ = {isa = PBXFileReference; lastKnownFileType = folder.assetcatalog; path = Assets.xcassets; sourceTree = "<group>"; };
		CEED5DBF1D14761000C94890 /* Base */ = {isa = PBXFileReference; lastKnownFileType = file.storyboard; name = Base; path = Base.lproj/LaunchScreen.storyboard; sourceTree = "<group>"; };
		CEED5DC11D14761000C94890 /* Info.plist */ = {isa = PBXFileReference; lastKnownFileType = text.plist.xml; path = Info.plist; sourceTree = "<group>"; };
		CEED5DCB1D242BEB00C94890 /* SmallAfficheTablewViewController.h */ = {isa = PBXFileReference; fileEncoding = 4; lastKnownFileType = sourcecode.c.h; path = SmallAfficheTablewViewController.h; sourceTree = "<group>"; };
		CEED5DCC1D242BEB00C94890 /* SmallAfficheTablewViewController.m */ = {isa = PBXFileReference; fileEncoding = 4; lastKnownFileType = sourcecode.c.objc; path = SmallAfficheTablewViewController.m; sourceTree = "<group>"; };
/* End PBXFileReference section */

/* Begin PBXFrameworksBuildPhase section */
		CEED5DA71D14761000C94890 /* Frameworks */ = {
			isa = PBXFrameworksBuildPhase;
			buildActionMask = 2147483647;
			files = (
				91406474B5FE564AFE27F5CF /* libPods-Kachalov.a in Frameworks */,
			);
			runOnlyForDeploymentPostprocessing = 0;
		};
/* End PBXFrameworksBuildPhase section */

/* Begin PBXGroup section */
		36EBC00CB4BB8474432D8BC8 /* SmallAfficheVC */ = {
			isa = PBXGroup;
			children = (
				CEED5DCB1D242BEB00C94890 /* SmallAfficheTablewViewController.h */,
				CEED5DCC1D242BEB00C94890 /* SmallAfficheTablewViewController.m */,
			);
			path = SmallAfficheVC;
			sourceTree = "<group>";
		};
		36EBC7235AA256D28F53428F /* Entitys */ = {
			isa = PBXGroup;
			children = (
				CE0DE2F21D80C6CF00FA100D /* ActorDetailElement */,
				CE0DE2F11D80C6BC00FA100D /* ActorListElement */,
				CE0DE2F01D80C67F00FA100D /* NewsListElement */,
				CE0DE2EF1D80C66400FA100D /* SmallAfficheElement */,
				CE0DE2EE1D80C65100FA100D /* NewsDetailElement */,
			);
			name = Entitys;
			sourceTree = "<group>";
		};
		36EBC7DCF0DD08B6D39E12E4 /* ViewControllers */ = {
			isa = PBXGroup;
			children = (
				CE0DE2DE1D8029D300FA100D /* NewsDetailVC */,
				CE92B3191D7784880090A239 /* AboutTheaterVC */,
				CEE936BA1D797C1700919923 /* ActorDetailVC */,
				CE92B30F1D722F070090A239 /* TroupeListVC */,
				CEDC6F611D6E270F005A0D41 /* NewsListVC */,
				CE7BEED01D67A99D0049E487 /* FullAfficheVC */,
				36EBC00CB4BB8474432D8BC8 /* SmallAfficheVC */,
				36EBCFE465A090BFAAC7D566 /* Cells */,
			);
			path = ViewControllers;
			sourceTree = "<group>";
		};
		36EBC830B47D0264B267A3EA /* Parsers */ = {
			isa = PBXGroup;
			children = (
				CE0DE2EB1D80C5C700FA100D /* TroupeListParser */,
				CE0DE2EA1D80C5B400FA100D /* NewListParser */,
				CE0DE2E91D80C5A100FA100D /* FullAfficheParser */,
				CE0DE2E81D80C57500FA100D /* SmallAfficheParser */,
				CE0DE2EC1D80C5D700FA100D /* ActorDetailParser */,
				CE0DE2ED1D80C5EB00FA100D /* NewsDetailParser */,
			);
			name = Parsers;
			sourceTree = "<group>";
		};
		36EBCFE465A090BFAAC7D566 /* Cells */ = {
			isa = PBXGroup;
			children = (
				36EBCF06365FE982056CF6A3 /* SmallAfficheCell.m */,
				36EBC9B11C628CDBE95DD21F /* SmallAfficheCell.h */,
				CEDC6F651D6E4211005A0D41 /* NewsShortCell.h */,
				CEDC6F661D6E4211005A0D41 /* NewsShortCell.m */,
				CE99F1651D70DFF000A29CB6 /* LoadingCell.h */,
				CE99F1661D70DFF000A29CB6 /* LoadingCell.m */,
				CE92B3101D7344250090A239 /* ActorListCell.h */,
				CE92B3111D7344250090A239 /* ActorListCell.m */,
			);
			path = Cells;
			sourceTree = "<group>";
		};
		93DD655493E1CACC29B48A31 /* Frameworks */ = {
			isa = PBXGroup;
			children = (
				093DBC56B29E40657E6C6A76 /* libPods-Kachalov.a */,
			);
			name = Frameworks;
			sourceTree = "<group>";
		};
		C7763EE66045BF739ABB76EA /* Pods */ = {
			isa = PBXGroup;
			children = (
				18D68A140D4CF985C34FE84B /* Pods-Kachalov.debug.xcconfig */,
				45A7D839C51761F5FB4E1828 /* Pods-Kachalov.release.xcconfig */,
			);
			name = Pods;
			sourceTree = "<group>";
		};
		CE0DE2DE1D8029D300FA100D /* NewsDetailVC */ = {
			isa = PBXGroup;
			children = (
				CE0DE2DF1D8029F100FA100D /* NewsDetailViewController.h */,
				CE0DE2E01D8029F100FA100D /* NewsDetailViewController.m */,
			);
			name = NewsDetailVC;
			sourceTree = "<group>";
		};
		CE0DE2E81D80C57500FA100D /* SmallAfficheParser */ = {
			isa = PBXGroup;
			children = (
				36EBC6349703370454E22872 /* SmallAfficheParser.m */,
				36EBCD6D481A08A52CD3156E /* SmallAfficheParser.h */,
			);
			name = SmallAfficheParser;
			sourceTree = "<group>";
		};
		CE0DE2E91D80C5A100FA100D /* FullAfficheParser */ = {
			isa = PBXGroup;
			children = (
				CE7BEED41D67B0340049E487 /* FullAfficheParser.h */,
				CE7BEED51D67B0340049E487 /* FullAfficheParser.m */,
			);
			name = FullAfficheParser;
			sourceTree = "<group>";
		};
		CE0DE2EA1D80C5B400FA100D /* NewListParser */ = {
			isa = PBXGroup;
			children = (
				CEDC6F6B1D6F39AE005A0D41 /* NewsListParser.h */,
				CEDC6F6C1D6F39AE005A0D41 /* NewsListParser.m */,
			);
			name = NewListParser;
			sourceTree = "<group>";
		};
		CE0DE2EB1D80C5C700FA100D /* TroupeListParser */ = {
			isa = PBXGroup;
			children = (
				CE92B3161D734A620090A239 /* TroupeListParser.h */,
				CE92B3171D734A620090A239 /* TroupeListParser.m */,
			);
			name = TroupeListParser;
			sourceTree = "<group>";
		};
		CE0DE2EC1D80C5D700FA100D /* ActorDetailParser */ = {
			isa = PBXGroup;
			children = (
				CEE936C11D798DB400919923 /* ActorDetailParser.h */,
				CEE936C21D798DB400919923 /* ActorDetailParser.m */,
			);
			name = ActorDetailParser;
			sourceTree = "<group>";
		};
		CE0DE2ED1D80C5EB00FA100D /* NewsDetailParser */ = {
			isa = PBXGroup;
			children = (
				CE0DE2E51D8037F600FA100D /* NewsDetailParser.h */,
				CE0DE2E61D8037F600FA100D /* NewsDetailParser.m */,
			);
			name = NewsDetailParser;
			sourceTree = "<group>";
		};
		CE0DE2EE1D80C65100FA100D /* NewsDetailElement */ = {
			isa = PBXGroup;
			children = (
				CE0DE2E21D802C5800FA100D /* NewsDetailElement.h */,
				CE0DE2E31D802C5800FA100D /* NewsDetailElement.m */,
			);
			name = NewsDetailElement;
			sourceTree = "<group>";
		};
		CE0DE2EF1D80C66400FA100D /* SmallAfficheElement */ = {
			isa = PBXGroup;
			children = (
				36EBCED7674A36FEBBC80B6F /* SmallAfficheElement.h */,
				36EBC395A62F3434C60C99D0 /* SmallAfficheElement.m */,
			);
			name = SmallAfficheElement;
			sourceTree = "<group>";
		};
		CE0DE2F01D80C67F00FA100D /* NewsListElement */ = {
			isa = PBXGroup;
			children = (
				CEDC6F681D6F38CF005A0D41 /* NewsListElement.h */,
				CEDC6F691D6F38CF005A0D41 /* NewsListElement.m */,
			);
			name = NewsListElement;
			sourceTree = "<group>";
		};
		CE0DE2F11D80C6BC00FA100D /* ActorListElement */ = {
			isa = PBXGroup;
			children = (
				CE92B3131D73455D0090A239 /* ActorListElement.h */,
				CE92B3141D73455D0090A239 /* ActorListElement.m */,
			);
			name = ActorListElement;
			sourceTree = "<group>";
		};
		CE0DE2F21D80C6CF00FA100D /* ActorDetailElement */ = {
			isa = PBXGroup;
			children = (
				CEE936BE1D798A0100919923 /* ActorDetailElement.h */,
				CEE936BF1D798A0100919923 /* ActorDetailElement.m */,
			);
			name = ActorDetailElement;
			sourceTree = "<group>";
		};
		CE7BEED01D67A99D0049E487 /* FullAfficheVC */ = {
			isa = PBXGroup;
			children = (
				CE7BEED11D67AA1C0049E487 /* FullAfficheTableViewController.h */,
				CE7BEED21D67AA1C0049E487 /* FullAfficheTableViewController.m */,
			);
			name = FullAfficheVC;
			sourceTree = "<group>";
		};
		CE7FF0F81D401DBD00A1C1A3 /* Resources */ = {
			isa = PBXGroup;
			children = (
				CE7FF0FB1D401E2A00A1C1A3 /* egr65-webfont.ttf */,
				CE7BEECC1D67905F0049E487 /* SegmentViewBackgroundImageStateNormal.png */,
				CE753A391D69D3B900F2D4C5 /* SegmentViewBackgroundImageStateSelected.png */,
				CE753A3B1D69D9E000F2D4C5 /* SegmentViewDeviderLNRS.png */,
				CE753A3D1D69D9E800F2D4C5 /* SegmentViewDeviderLSRN.png */,
				CE7FF10E1D5D367C00A1C1A3 /* SegmentViewDividerLNRN.png */,
			);
			name = Resources;
			sourceTree = "<group>";
		};
		CE92B30F1D722F070090A239 /* TroupeListVC */ = {
			isa = PBXGroup;
			children = (
				CE92B30C1D722EFE0090A239 /* TroupeListViewController.h */,
				CE92B30D1D722EFE0090A239 /* TroupeListViewController.m */,
			);
			name = TroupeListVC;
			sourceTree = "<group>";
		};
		CE92B3191D7784880090A239 /* AboutTheaterVC */ = {
			isa = PBXGroup;
			children = (
				CE92B31A1D7784FB0090A239 /* AboutTheaterViewController.h */,
				CE92B31B1D7784FB0090A239 /* AboutTheaterViewController.m */,
			);
			name = AboutTheaterVC;
			sourceTree = "<group>";
		};
		CED1C2A41D6359F60025BC9A /* Views */ = {
			isa = PBXGroup;
			children = (
				CED1C2A51D635A5A0025BC9A /* ArrowButton.h */,
				CED1C2A61D635A5A0025BC9A /* ArrowButton.m */,
				CE5ED1151D6774E900E645ED /* AppearanceInstaller.h */,
				CE5ED1161D6774E900E645ED /* AppearanceInstaller.m */,
			);
			name = Views;
			sourceTree = "<group>";
		};
		CEDC6F611D6E270F005A0D41 /* NewsListVC */ = {
			isa = PBXGroup;
			children = (
				CEDC6F621D6E27CD005A0D41 /* NewsListTableViewController.h */,
				CEDC6F631D6E27CD005A0D41 /* NewsListTableViewController.m */,
			);
			name = NewsListVC;
			sourceTree = "<group>";
		};
		CEE936BA1D797C1700919923 /* ActorDetailVC */ = {
			isa = PBXGroup;
			children = (
				CEE936BB1D797C3900919923 /* ActorDetailViewController.h */,
				CEE936BC1D797C3900919923 /* ActorDetailViewController.m */,
			);
			name = ActorDetailVC;
			sourceTree = "<group>";
		};
		CEED5DA11D14761000C94890 = {
			isa = PBXGroup;
			children = (
				CEED5DAC1D14761000C94890 /* Kachalov */,
				CEED5DAB1D14761000C94890 /* Products */,
				C7763EE66045BF739ABB76EA /* Pods */,
				93DD655493E1CACC29B48A31 /* Frameworks */,
			);
			sourceTree = "<group>";
		};
		CEED5DAB1D14761000C94890 /* Products */ = {
			isa = PBXGroup;
			children = (
				CEED5DAA1D14761000C94890 /* Kachalov.app */,
			);
			name = Products;
			sourceTree = "<group>";
		};
		CEED5DAC1D14761000C94890 /* Kachalov */ = {
			isa = PBXGroup;
			children = (
				CEED5DB01D14761000C94890 /* AppDelegate.h */,
				CEED5DB11D14761000C94890 /* AppDelegate.m */,
				CEED5DB61D14761000C94890 /* Main.storyboard */,
				CEED5DBC1D14761000C94890 /* Assets.xcassets */,
				CEED5DBE1D14761000C94890 /* LaunchScreen.storyboard */,
				CEED5DC11D14761000C94890 /* Info.plist */,
				CEED5DB91D14761000C94890 /* Kachalov.xcdatamodeld */,
				36EBC7DCF0DD08B6D39E12E4 /* ViewControllers */,
				CEED5DC71D1B358200C94890 /* Model */,
				CED1C2A41D6359F60025BC9A /* Views */,
				CE7FF0F81D401DBD00A1C1A3 /* Resources */,
				CEED5DAD1D14761000C94890 /* Supporting Files */,
			);
			path = Kachalov;
			sourceTree = "<group>";
		};
		CEED5DAD1D14761000C94890 /* Supporting Files */ = {
			isa = PBXGroup;
			children = (
				CEED5DAE1D14761000C94890 /* main.m */,
			);
			name = "Supporting Files";
			sourceTree = "<group>";
		};
		CEED5DC71D1B358200C94890 /* Model */ = {
			isa = PBXGroup;
			children = (
				36EBC7235AA256D28F53428F /* Entitys */,
				36EBC830B47D0264B267A3EA /* Parsers */,
			);
			name = Model;
			sourceTree = "<group>";
		};
/* End PBXGroup section */

/* Begin PBXNativeTarget section */
		CEED5DA91D14761000C94890 /* Kachalov */ = {
			isa = PBXNativeTarget;
			buildConfigurationList = CEED5DC41D14761000C94890 /* Build configuration list for PBXNativeTarget "Kachalov" */;
			buildPhases = (
				A95FECBF00FF78DB27715CE4 /* [CP] Check Pods Manifest.lock */,
				CEED5DA61D14761000C94890 /* Sources */,
				CEED5DA71D14761000C94890 /* Frameworks */,
				CEED5DA81D14761000C94890 /* Resources */,
				488E79D41252393A7ED78CB9 /* [CP] Embed Pods Frameworks */,
				7FBBA3CBB370F698DBF74F26 /* [CP] Copy Pods Resources */,
			);
			buildRules = (
			);
			dependencies = (
			);
			name = Kachalov;
			productName = Kachalov;
			productReference = CEED5DAA1D14761000C94890 /* Kachalov.app */;
			productType = "com.apple.product-type.application";
		};
/* End PBXNativeTarget section */

/* Begin PBXProject section */
		CEED5DA21D14761000C94890 /* Project object */ = {
			isa = PBXProject;
			attributes = {
				LastUpgradeCheck = 0720;
				ORGANIZATIONNAME = Ayrat;
				TargetAttributes = {
					CEED5DA91D14761000C94890 = {
						CreatedOnToolsVersion = 7.2.1;
						DevelopmentTeam = KNHK4XTQ2L;
					};
				};
			};
			buildConfigurationList = CEED5DA51D14761000C94890 /* Build configuration list for PBXProject "Kachalov" */;
			compatibilityVersion = "Xcode 3.2";
			developmentRegion = English;
			hasScannedForEncodings = 0;
			knownRegions = (
				en,
				Base,
			);
			mainGroup = CEED5DA11D14761000C94890;
			productRefGroup = CEED5DAB1D14761000C94890 /* Products */;
			projectDirPath = "";
			projectRoot = "";
			targets = (
				CEED5DA91D14761000C94890 /* Kachalov */,
			);
		};
/* End PBXProject section */

/* Begin PBXResourcesBuildPhase section */
		CEED5DA81D14761000C94890 /* Resources */ = {
			isa = PBXResourcesBuildPhase;
			buildActionMask = 2147483647;
			files = (
				CE753A3C1D69D9E000F2D4C5 /* SegmentViewDeviderLNRS.png in Resources */,
				CE753A3E1D69D9E800F2D4C5 /* SegmentViewDeviderLSRN.png in Resources */,
				CE7FF0FC1D401E2A00A1C1A3 /* egr65-webfont.ttf in Resources */,
				CEED5DC01D14761000C94890 /* LaunchScreen.storyboard in Resources */,
				CEED5DBD1D14761000C94890 /* Assets.xcassets in Resources */,
				CEED5DB81D14761000C94890 /* Main.storyboard in Resources */,
				CE753A3A1D69D3B900F2D4C5 /* SegmentViewBackgroundImageStateSelected.png in Resources */,
				CE7BEECE1D67905F0049E487 /* SegmentViewBackgroundImageStateNormal.png in Resources */,
				CE7FF10F1D5D367C00A1C1A3 /* SegmentViewDividerLNRN.png in Resources */,
			);
			runOnlyForDeploymentPostprocessing = 0;
		};
/* End PBXResourcesBuildPhase section */

/* Begin PBXShellScriptBuildPhase section */
		488E79D41252393A7ED78CB9 /* [CP] Embed Pods Frameworks */ = {
			isa = PBXShellScriptBuildPhase;
			buildActionMask = 2147483647;
			files = (
			);
			inputPaths = (
			);
			name = "[CP] Embed Pods Frameworks";
			outputPaths = (
			);
			runOnlyForDeploymentPostprocessing = 0;
			shellPath = /bin/sh;
			shellScript = "\"${SRCROOT}/Pods/Target Support Files/Pods-Kachalov/Pods-Kachalov-frameworks.sh\"\n";
			showEnvVarsInLog = 0;
		};
		7FBBA3CBB370F698DBF74F26 /* [CP] Copy Pods Resources */ = {
			isa = PBXShellScriptBuildPhase;
			buildActionMask = 2147483647;
			files = (
			);
			inputPaths = (
			);
			name = "[CP] Copy Pods Resources";
			outputPaths = (
			);
			runOnlyForDeploymentPostprocessing = 0;
			shellPath = /bin/sh;
			shellScript = "\"${SRCROOT}/Pods/Target Support Files/Pods-Kachalov/Pods-Kachalov-resources.sh\"\n";
			showEnvVarsInLog = 0;
		};
		A95FECBF00FF78DB27715CE4 /* [CP] Check Pods Manifest.lock */ = {
			isa = PBXShellScriptBuildPhase;
			buildActionMask = 2147483647;
			files = (
			);
			inputPaths = (
			);
			name = "[CP] Check Pods Manifest.lock";
			outputPaths = (
			);
			runOnlyForDeploymentPostprocessing = 0;
			shellPath = /bin/sh;
			shellScript = "diff \"${PODS_ROOT}/../Podfile.lock\" \"${PODS_ROOT}/Manifest.lock\" > /dev/null\nif [[ $? != 0 ]] ; then\n    cat << EOM\nerror: The sandbox is not in sync with the Podfile.lock. Run 'pod install' or update your CocoaPods installation.\nEOM\n    exit 1\nfi\n";
			showEnvVarsInLog = 0;
		};
/* End PBXShellScriptBuildPhase section */

/* Begin PBXSourcesBuildPhase section */
		CEED5DA61D14761000C94890 /* Sources */ = {
			isa = PBXSourcesBuildPhase;
			buildActionMask = 2147483647;
			files = (
				CE0DE2E41D802C5800FA100D /* NewsDetailElement.m in Sources */,
				CEED5DB21D14761000C94890 /* AppDelegate.m in Sources */,
				CE92B3181D734A620090A239 /* TroupeListParser.m in Sources */,
				CEDC6F6D1D6F39AE005A0D41 /* NewsListParser.m in Sources */,
				CEDC6F641D6E27CD005A0D41 /* NewsListTableViewController.m in Sources */,
				CEED5DBB1D14761000C94890 /* Kachalov.xcdatamodeld in Sources */,
				CE0DE2E71D8037F600FA100D /* NewsDetailParser.m in Sources */,
				CEDC6F6A1D6F38CF005A0D41 /* NewsListElement.m in Sources */,
				CE5ED1171D6774E900E645ED /* AppearanceInstaller.m in Sources */,
				CEED5DAF1D14761000C94890 /* main.m in Sources */,
				CE7BEED61D67B0340049E487 /* FullAfficheParser.m in Sources */,
				36EBC8F95FEECC3087B08D11 /* SmallAfficheElement.m in Sources */,
				CE92B31C1D7784FB0090A239 /* AboutTheaterViewController.m in Sources */,
				36EBC501800B025E1E311F26 /* SmallAfficheParser.m in Sources */,
				CE0DE2E11D8029F100FA100D /* NewsDetailViewController.m in Sources */,
				CEE936BD1D797C3900919923 /* ActorDetailViewController.m in Sources */,
				CE92B3121D7344250090A239 /* ActorListCell.m in Sources */,
				CEED5DCD1D242BEB00C94890 /* SmallAfficheTablewViewController.m in Sources */,
				CEE936C31D798DB400919923 /* ActorDetailParser.m in Sources */,
				CE92B3151D73455D0090A239 /* ActorListElement.m in Sources */,
				CE99F1671D70DFF000A29CB6 /* LoadingCell.m in Sources */,
				36EBCDFD94A0DB2D1A7A33A5 /* SmallAfficheCell.m in Sources */,
				CE7BEED31D67AA1C0049E487 /* FullAfficheTableViewController.m in Sources */,
				CE92B30E1D722EFE0090A239 /* TroupeListViewController.m in Sources */,
				CEE936C01D798A0100919923 /* ActorDetailElement.m in Sources */,
				CED1C2A71D635A5A0025BC9A /* ArrowButton.m in Sources */,
				CEDC6F671D6E4211005A0D41 /* NewsShortCell.m in Sources */,
			);
			runOnlyForDeploymentPostprocessing = 0;
		};
/* End PBXSourcesBuildPhase section */

/* Begin PBXVariantGroup section */
		CEED5DB61D14761000C94890 /* Main.storyboard */ = {
			isa = PBXVariantGroup;
			children = (
				CEED5DB71D14761000C94890 /* Base */,
			);
			name = Main.storyboard;
			sourceTree = "<group>";
		};
		CEED5DBE1D14761000C94890 /* LaunchScreen.storyboard */ = {
			isa = PBXVariantGroup;
			children = (
				CEED5DBF1D14761000C94890 /* Base */,
			);
			name = LaunchScreen.storyboard;
			sourceTree = "<group>";
		};
/* End PBXVariantGroup section */

/* Begin XCBuildConfiguration section */
		CEED5DC21D14761000C94890 /* Debug */ = {
			isa = XCBuildConfiguration;
			buildSettings = {
				ALWAYS_SEARCH_USER_PATHS = NO;
				CLANG_CXX_LANGUAGE_STANDARD = "gnu++0x";
				CLANG_CXX_LIBRARY = "libc++";
				CLANG_ENABLE_MODULES = YES;
				CLANG_ENABLE_OBJC_ARC = YES;
				CLANG_WARN_BOOL_CONVERSION = YES;
				CLANG_WARN_CONSTANT_CONVERSION = YES;
				CLANG_WARN_DIRECT_OBJC_ISA_USAGE = YES_ERROR;
				CLANG_WARN_EMPTY_BODY = YES;
				CLANG_WARN_ENUM_CONVERSION = YES;
				CLANG_WARN_INT_CONVERSION = YES;
				CLANG_WARN_OBJC_ROOT_CLASS = YES_ERROR;
				CLANG_WARN_UNREACHABLE_CODE = YES;
				CLANG_WARN__DUPLICATE_METHOD_MATCH = YES;
				"CODE_SIGN_IDENTITY[sdk=iphoneos*]" = "iPhone Developer";
				COPY_PHASE_STRIP = NO;
				DEBUG_INFORMATION_FORMAT = dwarf;
				ENABLE_STRICT_OBJC_MSGSEND = YES;
				ENABLE_TESTABILITY = YES;
				GCC_C_LANGUAGE_STANDARD = gnu99;
				GCC_DYNAMIC_NO_PIC = NO;
				GCC_NO_COMMON_BLOCKS = YES;
				GCC_OPTIMIZATION_LEVEL = 0;
				GCC_PREPROCESSOR_DEFINITIONS = (
					"DEBUG=1",
					"$(inherited)",
				);
				GCC_WARN_64_TO_32_BIT_CONVERSION = YES;
				GCC_WARN_ABOUT_RETURN_TYPE = YES_ERROR;
				GCC_WARN_UNDECLARED_SELECTOR = YES;
				GCC_WARN_UNINITIALIZED_AUTOS = YES_AGGRESSIVE;
				GCC_WARN_UNUSED_FUNCTION = YES;
				GCC_WARN_UNUSED_VARIABLE = YES;
				IPHONEOS_DEPLOYMENT_TARGET = 9.2;
				MTL_ENABLE_DEBUG_INFO = YES;
				ONLY_ACTIVE_ARCH = YES;
				SDKROOT = iphoneos;
			};
			name = Debug;
		};
		CEED5DC31D14761000C94890 /* Release */ = {
			isa = XCBuildConfiguration;
			buildSettings = {
				ALWAYS_SEARCH_USER_PATHS = NO;
				CLANG_CXX_LANGUAGE_STANDARD = "gnu++0x";
				CLANG_CXX_LIBRARY = "libc++";
				CLANG_ENABLE_MODULES = YES;
				CLANG_ENABLE_OBJC_ARC = YES;
				CLANG_WARN_BOOL_CONVERSION = YES;
				CLANG_WARN_CONSTANT_CONVERSION = YES;
				CLANG_WARN_DIRECT_OBJC_ISA_USAGE = YES_ERROR;
				CLANG_WARN_EMPTY_BODY = YES;
				CLANG_WARN_ENUM_CONVERSION = YES;
				CLANG_WARN_INT_CONVERSION = YES;
				CLANG_WARN_OBJC_ROOT_CLASS = YES_ERROR;
				CLANG_WARN_UNREACHABLE_CODE = YES;
				CLANG_WARN__DUPLICATE_METHOD_MATCH = YES;
				"CODE_SIGN_IDENTITY[sdk=iphoneos*]" = "iPhone Developer";
				COPY_PHASE_STRIP = NO;
				DEBUG_INFORMATION_FORMAT = "dwarf-with-dsym";
				ENABLE_NS_ASSERTIONS = NO;
				ENABLE_STRICT_OBJC_MSGSEND = YES;
				GCC_C_LANGUAGE_STANDARD = gnu99;
				GCC_NO_COMMON_BLOCKS = YES;
				GCC_WARN_64_TO_32_BIT_CONVERSION = YES;
				GCC_WARN_ABOUT_RETURN_TYPE = YES_ERROR;
				GCC_WARN_UNDECLARED_SELECTOR = YES;
				GCC_WARN_UNINITIALIZED_AUTOS = YES_AGGRESSIVE;
				GCC_WARN_UNUSED_FUNCTION = YES;
				GCC_WARN_UNUSED_VARIABLE = YES;
				IPHONEOS_DEPLOYMENT_TARGET = 9.2;
				MTL_ENABLE_DEBUG_INFO = NO;
				SDKROOT = iphoneos;
				VALIDATE_PRODUCT = YES;
			};
			name = Release;
		};
		CEED5DC51D14761000C94890 /* Debug */ = {
			isa = XCBuildConfiguration;
			baseConfigurationReference = 18D68A140D4CF985C34FE84B /* Pods-Kachalov.debug.xcconfig */;
			buildSettings = {
				ASSETCATALOG_COMPILER_APPICON_NAME = AppIcon;
				CODE_SIGN_IDENTITY = "iPhone Developer";
				INFOPLIST_FILE = Kachalov/Info.plist;
				LD_RUNPATH_SEARCH_PATHS = "$(inherited) @executable_path/Frameworks";
				PRODUCT_BUNDLE_IDENTIFIER = com.example.Kachalov;
				PRODUCT_NAME = "$(TARGET_NAME)";
			};
			name = Debug;
		};
		CEED5DC61D14761000C94890 /* Release */ = {
			isa = XCBuildConfiguration;
			baseConfigurationReference = 45A7D839C51761F5FB4E1828 /* Pods-Kachalov.release.xcconfig */;
			buildSettings = {
				ASSETCATALOG_COMPILER_APPICON_NAME = AppIcon;
				CODE_SIGN_IDENTITY = "iPhone Developer";
				INFOPLIST_FILE = Kachalov/Info.plist;
				LD_RUNPATH_SEARCH_PATHS = "$(inherited) @executable_path/Frameworks";
				PRODUCT_BUNDLE_IDENTIFIER = com.example.Kachalov;
				PRODUCT_NAME = "$(TARGET_NAME)";
			};
			name = Release;
		};
/* End XCBuildConfiguration section */

/* Begin XCConfigurationList section */
		CEED5DA51D14761000C94890 /* Build configuration list for PBXProject "Kachalov" */ = {
			isa = XCConfigurationList;
			buildConfigurations = (
				CEED5DC21D14761000C94890 /* Debug */,
				CEED5DC31D14761000C94890 /* Release */,
			);
			defaultConfigurationIsVisible = 0;
			defaultConfigurationName = Release;
		};
		CEED5DC41D14761000C94890 /* Build configuration list for PBXNativeTarget "Kachalov" */ = {
			isa = XCConfigurationList;
			buildConfigurations = (
				CEED5DC51D14761000C94890 /* Debug */,
				CEED5DC61D14761000C94890 /* Release */,
			);
			defaultConfigurationIsVisible = 0;
			defaultConfigurationName = Release;
		};
/* End XCConfigurationList section */

/* Begin XCVersionGroup section */
		CEED5DB91D14761000C94890 /* Kachalov.xcdatamodeld */ = {
			isa = XCVersionGroup;
			children = (
				CEED5DBA1D14761000C94890 /* Kachalov.xcdatamodel */,
			);
			currentVersion = CEED5DBA1D14761000C94890 /* Kachalov.xcdatamodel */;
			path = Kachalov.xcdatamodeld;
			sourceTree = "<group>";
			versionGroupType = wrapper.xcdatamodel;
		};
/* End XCVersionGroup section */
	};
	rootObject = CEED5DA21D14761000C94890 /* Project object */;
}
